
Microsoft Visual Studio Solution File, Format Version 12.00
# Visual Studio Version 17
VisualStudioVersion = 17.8.34309.116
MinimumVisualStudioVersion = 10.0.40219.1
Project("{9A19103F-16F7-4668-BE54-9A1E7A4F7556}") = "Server", "Server\Server.csproj", "{76BBF630-F6AC-4140-AA1A-4BBE1C0A8064}"
EndProject
Project("{9A19103F-16F7-4668-BE54-9A1E7A4F7556}") = "Client", "Client\Client.csproj", "{218B2A82-7A8A-456B-A85A-96CB4907CEFA}"
EndProject
Project("{9A19103F-16F7-4668-BE54-9A1E7A4F7556}") = "BaseLibrary", "BaseLibrary\BaseLibrary.csproj", "{4B75CE53-2FC6-49B8-8130-86D7716E07F6}"
EndProject
Project("{9A19103F-16F7-4668-BE54-9A1E7A4F7556}") = "ClientLibrary", "ClientLibrary\ClientLibrary.csproj", "{F52DFE6B-9AEA-4627-A5AA-2D629EA29EFF}"
EndProject
Project("{9A19103F-16F7-4668-BE54-9A1E7A4F7556}") = "ServerLibrary", "ServerLibrary\ServerLibrary.csproj", "{15F0ECCD-F599-4F30-8A1B-30C217BE3458}"
EndProject
Global
	GlobalSection(SolutionConfigurationPlatforms) = preSolution
		Debug|Any CPU = Debug|Any CPU
		Release|Any CPU = Release|Any CPU
	EndGlobalSection
	GlobalSection(ProjectConfigurationPlatforms) = postSolution
		{76BBF630-F6AC-4140-AA1A-4BBE1C0A8064}.Debug|Any CPU.ActiveCfg = Debug|Any CPU
		{76BBF630-F6AC-4140-AA1A-4BBE1C0A8064}.Debug|Any CPU.Build.0 = Debug|Any CPU
		{76BBF630-F6AC-4140-AA1A-4BBE1C0A8064}.Release|Any CPU.ActiveCfg = Release|Any CPU
		{76BBF630-F6AC-4140-AA1A-4BBE1C0A8064}.Release|Any CPU.Build.0 = Release|Any CPU
		{218B2A82-7A8A-456B-A85A-96CB4907CEFA}.Debug|Any CPU.ActiveCfg = Debug|Any CPU
		{218B2A82-7A8A-456B-A85A-96CB4907CEFA}.Debug|Any CPU.Build.0 = Debug|Any CPU
		{218B2A82-7A8A-456B-A85A-96CB4907CEFA}.Release|Any CPU.ActiveCfg = Release|Any CPU
		{218B2A82-7A8A-456B-A85A-96CB4907CEFA}.Release|Any CPU.Build.0 = Release|Any CPU
		{4B75CE53-2FC6-49B8-8130-86D7716E07F6}.Debug|Any CPU.ActiveCfg = Debug|Any CPU
		{4B75CE53-2FC6-49B8-8130-86D7716E07F6}.Debug|Any CPU.Build.0 = Debug|Any CPU
		{4B75CE53-2FC6-49B8-8130-86D7716E07F6}.Release|Any CPU.ActiveCfg = Release|Any CPU
		{4B75CE53-2FC6-49B8-8130-86D7716E07F6}.Release|Any CPU.Build.0 = Release|Any CPU
		{F52DFE6B-9AEA-4627-A5AA-2D629EA29EFF}.Debug|Any CPU.ActiveCfg = Debug|Any CPU
		{F52DFE6B-9AEA-4627-A5AA-2D629EA29EFF}.Debug|Any CPU.Build.0 = Debug|Any CPU
		{F52DFE6B-9AEA-4627-A5AA-2D629EA29EFF}.Release|Any CPU.ActiveCfg = Release|Any CPU
		{F52DFE6B-9AEA-4627-A5AA-2D629EA29EFF}.Release|Any CPU.Build.0 = Release|Any CPU
		{15F0ECCD-F599-4F30-8A1B-30C217BE3458}.Debug|Any CPU.ActiveCfg = Debug|Any CPU
		{15F0ECCD-F599-4F30-8A1B-30C217BE3458}.Debug|Any CPU.Build.0 = Debug|Any CPU
		{15F0ECCD-F599-4F30-8A1B-30C217BE3458}.Release|Any CPU.ActiveCfg = Release|Any CPU
		{15F0ECCD-F599-4F30-8A1B-30C217BE3458}.Release|Any CPU.Build.0 = Release|Any CPU
	EndGlobalSection
	GlobalSection(SolutionProperties) = preSolution
		HideSolutionNode = FALSE
	EndGlobalSection
	GlobalSection(ExtensibilityGlobals) = postSolution
		SolutionGuid = {F935C76E-DB04-43FD-88FB-A5C6505F9BE3}
	EndGlobalSection
EndGlobal
